
Microsoft Visual Studio Solution File, Format Version 12.00
# Visual Studio Version 16
VisualStudioVersion = 16.0.29920.165
MinimumVisualStudioVersion = 10.0.40219.1
Project("{FAE04EC0-301F-11D3-BF4B-00C04F79EFBC}") = "DokoTest", "DokoTest\DokoTest.csproj", "{F88A4D78-A03D-485A-944C-4EA8ED6F686B}"
EndProject
Project("{9A19103F-16F7-4668-BE54-9A1E7A4F7556}") = "Doppelkopf.Core", "DokoCore\Doppelkopf.Core.csproj", "{F32DC26B-318C-44EA-A110-EB5682BD3079}"
EndProject
Project("{FAE04EC0-301F-11D3-BF4B-00C04F79EFBC}") = "AverageHandTest", "AverageHandTest\AverageHandTest.csproj", "{B3DD65C8-78B1-4DF1-B3D3-585C3A7167CD}"
EndProject
Project("{9A19103F-16F7-4668-BE54-9A1E7A4F7556}") = "Doppelkopf.BlazorWebAssembly.Server", "Doppelkopf.BlazorWebAssembly\Server\Doppelkopf.BlazorWebAssembly.Server.csproj", "{46E92CCF-8A84-4066-BBB8-08B37AE07949}"
EndProject
Project("{9A19103F-16F7-4668-BE54-9A1E7A4F7556}") = "Doppelkopf.BlazorWebAssembly.Client", "Doppelkopf.BlazorWebAssembly\Client\Doppelkopf.BlazorWebAssembly.Client.csproj", "{9EB29E96-ED03-4342-8670-4F4B93EBE218}"
EndProject
Project("{9A19103F-16F7-4668-BE54-9A1E7A4F7556}") = "Doppelkopf.Generator", "Doppelkopf.Generator\Doppelkopf.Generator.csproj", "{6C27DF21-E0F5-4DF9-85E9-08ECAF237785}"
EndProject
Project("{FAE04EC0-301F-11D3-BF4B-00C04F79EFBC}") = "DokoWebTest", "DokoWebTest\DokoWebTest.csproj", "{85C4E42E-7D57-42F2-AE89-F7B55328582D}"
EndProject
Global
	GlobalSection(SolutionConfigurationPlatforms) = preSolution
		Debug|Any CPU = Debug|Any CPU
		Release|Any CPU = Release|Any CPU
	EndGlobalSection
	GlobalSection(ProjectConfigurationPlatforms) = postSolution
		{F88A4D78-A03D-485A-944C-4EA8ED6F686B}.Debug|Any CPU.ActiveCfg = Debug|Any CPU
		{F88A4D78-A03D-485A-944C-4EA8ED6F686B}.Debug|Any CPU.Build.0 = Debug|Any CPU
		{F88A4D78-A03D-485A-944C-4EA8ED6F686B}.Release|Any CPU.ActiveCfg = Release|Any CPU
		{F88A4D78-A03D-485A-944C-4EA8ED6F686B}.Release|Any CPU.Build.0 = Release|Any CPU
		{F32DC26B-318C-44EA-A110-EB5682BD3079}.Debug|Any CPU.ActiveCfg = Debug|Any CPU
		{F32DC26B-318C-44EA-A110-EB5682BD3079}.Debug|Any CPU.Build.0 = Debug|Any CPU
		{F32DC26B-318C-44EA-A110-EB5682BD3079}.Release|Any CPU.ActiveCfg = Release|Any CPU
		{F32DC26B-318C-44EA-A110-EB5682BD3079}.Release|Any CPU.Build.0 = Release|Any CPU
		{B3DD65C8-78B1-4DF1-B3D3-585C3A7167CD}.Debug|Any CPU.ActiveCfg = Debug|Any CPU
		{B3DD65C8-78B1-4DF1-B3D3-585C3A7167CD}.Debug|Any CPU.Build.0 = Debug|Any CPU
		{B3DD65C8-78B1-4DF1-B3D3-585C3A7167CD}.Release|Any CPU.ActiveCfg = Release|Any CPU
		{B3DD65C8-78B1-4DF1-B3D3-585C3A7167CD}.Release|Any CPU.Build.0 = Release|Any CPU
		{46E92CCF-8A84-4066-BBB8-08B37AE07949}.Debug|Any CPU.ActiveCfg = Debug|Any CPU
		{46E92CCF-8A84-4066-BBB8-08B37AE07949}.Debug|Any CPU.Build.0 = Debug|Any CPU
		{46E92CCF-8A84-4066-BBB8-08B37AE07949}.Release|Any CPU.ActiveCfg = Release|Any CPU
		{46E92CCF-8A84-4066-BBB8-08B37AE07949}.Release|Any CPU.Build.0 = Release|Any CPU
		{9EB29E96-ED03-4342-8670-4F4B93EBE218}.Debug|Any CPU.ActiveCfg = Debug|Any CPU
		{9EB29E96-ED03-4342-8670-4F4B93EBE218}.Debug|Any CPU.Build.0 = Debug|Any CPU
		{9EB29E96-ED03-4342-8670-4F4B93EBE218}.Release|Any CPU.ActiveCfg = Release|Any CPU
		{9EB29E96-ED03-4342-8670-4F4B93EBE218}.Release|Any CPU.Build.0 = Release|Any CPU
		{6C27DF21-E0F5-4DF9-85E9-08ECAF237785}.Debug|Any CPU.ActiveCfg = Debug|Any CPU
		{6C27DF21-E0F5-4DF9-85E9-08ECAF237785}.Debug|Any CPU.Build.0 = Debug|Any CPU
		{6C27DF21-E0F5-4DF9-85E9-08ECAF237785}.Release|Any CPU.ActiveCfg = Release|Any CPU
		{6C27DF21-E0F5-4DF9-85E9-08ECAF237785}.Release|Any CPU.Build.0 = Release|Any CPU
		{85C4E42E-7D57-42F2-AE89-F7B55328582D}.Debug|Any CPU.ActiveCfg = Debug|Any CPU
		{85C4E42E-7D57-42F2-AE89-F7B55328582D}.Debug|Any CPU.Build.0 = Debug|Any CPU
		{85C4E42E-7D57-42F2-AE89-F7B55328582D}.Release|Any CPU.ActiveCfg = Release|Any CPU
		{85C4E42E-7D57-42F2-AE89-F7B55328582D}.Release|Any CPU.Build.0 = Release|Any CPU
	EndGlobalSection
	GlobalSection(SolutionProperties) = preSolution
		HideSolutionNode = FALSE
	EndGlobalSection
	GlobalSection(ExtensibilityGlobals) = postSolution
		SolutionGuid = {64F073EC-18D1-4026-A597-64C3881B31F7}
	EndGlobalSection
EndGlobal
